// !$*UTF8*$!
{
	archiveVersion = 1;
	classes = {
	};
	objectVersion = 51;
	objects = {

/* Begin PBXBuildFile section */
		748B8ADF8C48FE4344B8BE94 /* Pods_InstagramFirestoreTutorial.framework in Frameworks */ = {isa = PBXBuildFile; fileRef = D368103CF4F5F4529A630CC9 /* Pods_InstagramFirestoreTutorial.framework */; };
		C200CA90265918F500DD0D79 /* PostServices.swift in Sources */ = {isa = PBXBuildFile; fileRef = C200CA8F265918F500DD0D79 /* PostServices.swift */; };
		C223269A263585EE00147F91 /* UserCell.swift in Sources */ = {isa = PBXBuildFile; fileRef = C2232699263585EE00147F91 /* UserCell.swift */; };
		C2342666264531F100596A6B /* UploadPhotoController.swift in Sources */ = {isa = PBXBuildFile; fileRef = C2342665264531F100596A6B /* UploadPhotoController.swift */; };
		C2342669264534A500596A6B /* InputTextView.swift in Sources */ = {isa = PBXBuildFile; fileRef = C2342668264534A500596A6B /* InputTextView.swift */; };
		C23930A4261A215A00674918 /* FeedCell.swift in Sources */ = {isa = PBXBuildFile; fileRef = C23930A3261A215A00674918 /* FeedCell.swift */; };
		C23930A7261A225900674918 /* Extensions.swift in Sources */ = {isa = PBXBuildFile; fileRef = C23930A6261A225900674918 /* Extensions.swift */; };
		C24FBE0C2626AD4300DAC490 /* ProfileCell.swift in Sources */ = {isa = PBXBuildFile; fileRef = C24FBE0B2626AD4300DAC490 /* ProfileCell.swift */; };
		C24FBE0F2626D57300DAC490 /* ProfileHeader.swift in Sources */ = {isa = PBXBuildFile; fileRef = C24FBE0E2626D57300DAC490 /* ProfileHeader.swift */; };
		C272F8B826184C860037F311 /* AppDelegate.swift in Sources */ = {isa = PBXBuildFile; fileRef = C272F8B726184C860037F311 /* AppDelegate.swift */; };
		C272F8BA26184C860037F311 /* SceneDelegate.swift in Sources */ = {isa = PBXBuildFile; fileRef = C272F8B926184C860037F311 /* SceneDelegate.swift */; };
		C272F8BC26184C860037F311 /* ViewController.swift in Sources */ = {isa = PBXBuildFile; fileRef = C272F8BB26184C860037F311 /* ViewController.swift */; };
		C272F8BF26184C860037F311 /* Main.storyboard in Resources */ = {isa = PBXBuildFile; fileRef = C272F8BD26184C860037F311 /* Main.storyboard */; };
		C272F8C126184C870037F311 /* Assets.xcassets in Resources */ = {isa = PBXBuildFile; fileRef = C272F8C026184C870037F311 /* Assets.xcassets */; };
		C272F8C426184C870037F311 /* LaunchScreen.storyboard in Resources */ = {isa = PBXBuildFile; fileRef = C272F8C226184C870037F311 /* LaunchScreen.storyboard */; };
		C272F8D5261853520037F311 /* MainTabController.swift in Sources */ = {isa = PBXBuildFile; fileRef = C272F8D4261853520037F311 /* MainTabController.swift */; };
		C272F8D82618DA720037F311 /* FeedController.swift in Sources */ = {isa = PBXBuildFile; fileRef = C272F8D72618DA720037F311 /* FeedController.swift */; };
		C272F8DB2618DA870037F311 /* SearchController.swift in Sources */ = {isa = PBXBuildFile; fileRef = C272F8DA2618DA870037F311 /* SearchController.swift */; };
		C272F8DE2618DA9A0037F311 /* ImageSelectorController.swift in Sources */ = {isa = PBXBuildFile; fileRef = C272F8DD2618DA9A0037F311 /* ImageSelectorController.swift */; };
		C272F8E12618DAAD0037F311 /* NotificationController.swift in Sources */ = {isa = PBXBuildFile; fileRef = C272F8E02618DAAD0037F311 /* NotificationController.swift */; };
		C272F8E42618DABE0037F311 /* ProfileController.swift in Sources */ = {isa = PBXBuildFile; fileRef = C272F8E32618DABE0037F311 /* ProfileController.swift */; };
		C2868766263D023E00EF8D56 /* UserCellViewModel.swift in Sources */ = {isa = PBXBuildFile; fileRef = C2868765263D023E00EF8D56 /* UserCellViewModel.swift */; };
		C2BC1900261CB4BA00B77F13 /* CustomTextField.swift in Sources */ = {isa = PBXBuildFile; fileRef = C2BC18FF261CB4BA00B77F13 /* CustomTextField.swift */; };
		C2BC1903261CCA3E00B77F13 /* AuthenticationViewModel.swift in Sources */ = {isa = PBXBuildFile; fileRef = C2BC1902261CCA3E00B77F13 /* AuthenticationViewModel.swift */; };
		C2C9DC99261B65FC0059139E /* LoginController.swift in Sources */ = {isa = PBXBuildFile; fileRef = C2C9DC98261B65FC0059139E /* LoginController.swift */; };
		C2C9DC9D261B66140059139E /* RegistrationController.swift in Sources */ = {isa = PBXBuildFile; fileRef = C2C9DC9C261B66140059139E /* RegistrationController.swift */; };
		C2CF47FC262FDDB5007B724B /* UserService.swift in Sources */ = {isa = PBXBuildFile; fileRef = C2CF47FB262FDDB5007B724B /* UserService.swift */; };
		C2CF47FF262FDE21007B724B /* Constants.swift in Sources */ = {isa = PBXBuildFile; fileRef = C2CF47FE262FDE21007B724B /* Constants.swift */; };
		C2CF480226300A77007B724B /* User.swift in Sources */ = {isa = PBXBuildFile; fileRef = C2CF480126300A77007B724B /* User.swift */; };
		C2CF480526300F23007B724B /* ProfileHeaderViewModel.swift in Sources */ = {isa = PBXBuildFile; fileRef = C2CF480426300F23007B724B /* ProfileHeaderViewModel.swift */; };
		C2F199382621FF750017E5F1 /* ImageUploader.swift in Sources */ = {isa = PBXBuildFile; fileRef = C2F199372621FF750017E5F1 /* ImageUploader.swift */; };
		C2F1993B2621FF920017E5F1 /* AuthService.swift in Sources */ = {isa = PBXBuildFile; fileRef = C2F1993A2621FF920017E5F1 /* AuthService.swift */; };
		C2F199432622DE5B0017E5F1 /* GoogleService-Info.plist in Resources */ = {isa = PBXBuildFile; fileRef = C2F199422622DE5B0017E5F1 /* GoogleService-Info.plist */; };
/* End PBXBuildFile section */

/* Begin PBXFileReference section */
		030B730210052D066CFDD059 /* Pods-InstagramFirestoreTutorial.debug.xcconfig */ = {isa = PBXFileReference; includeInIndex = 1; lastKnownFileType = text.xcconfig; name = "Pods-InstagramFirestoreTutorial.debug.xcconfig"; path = "Target Support Files/Pods-InstagramFirestoreTutorial/Pods-InstagramFirestoreTutorial.debug.xcconfig"; sourceTree = "<group>"; };
		ADFC10FC2160DBF0BDF33E37 /* Pods-InstagramFirestoreTutorial.release.xcconfig */ = {isa = PBXFileReference; includeInIndex = 1; lastKnownFileType = text.xcconfig; name = "Pods-InstagramFirestoreTutorial.release.xcconfig"; path = "Target Support Files/Pods-InstagramFirestoreTutorial/Pods-InstagramFirestoreTutorial.release.xcconfig"; sourceTree = "<group>"; };
		C200CA8F265918F500DD0D79 /* PostServices.swift */ = {isa = PBXFileReference; lastKnownFileType = sourcecode.swift; path = PostServices.swift; sourceTree = "<group>"; };
		C2232699263585EE00147F91 /* UserCell.swift */ = {isa = PBXFileReference; lastKnownFileType = sourcecode.swift; path = UserCell.swift; sourceTree = "<group>"; };
		C2342665264531F100596A6B /* UploadPhotoController.swift */ = {isa = PBXFileReference; lastKnownFileType = sourcecode.swift; path = UploadPhotoController.swift; sourceTree = "<group>"; };
		C2342668264534A500596A6B /* InputTextView.swift */ = {isa = PBXFileReference; lastKnownFileType = sourcecode.swift; path = InputTextView.swift; sourceTree = "<group>"; };
		C23930A3261A215A00674918 /* FeedCell.swift */ = {isa = PBXFileReference; lastKnownFileType = sourcecode.swift; path = FeedCell.swift; sourceTree = "<group>"; };
		C23930A6261A225900674918 /* Extensions.swift */ = {isa = PBXFileReference; lastKnownFileType = sourcecode.swift; path = Extensions.swift; sourceTree = "<group>"; };
		C24FBE0B2626AD4300DAC490 /* ProfileCell.swift */ = {isa = PBXFileReference; lastKnownFileType = sourcecode.swift; path = ProfileCell.swift; sourceTree = "<group>"; };
		C24FBE0E2626D57300DAC490 /* ProfileHeader.swift */ = {isa = PBXFileReference; lastKnownFileType = sourcecode.swift; path = ProfileHeader.swift; sourceTree = "<group>"; };
		C272F8B426184C860037F311 /* InstagramFirestoreTutorial.app */ = {isa = PBXFileReference; explicitFileType = wrapper.application; includeInIndex = 0; path = InstagramFirestoreTutorial.app; sourceTree = BUILT_PRODUCTS_DIR; };
		C272F8B726184C860037F311 /* AppDelegate.swift */ = {isa = PBXFileReference; lastKnownFileType = sourcecode.swift; path = AppDelegate.swift; sourceTree = "<group>"; };
		C272F8B926184C860037F311 /* SceneDelegate.swift */ = {isa = PBXFileReference; lastKnownFileType = sourcecode.swift; path = SceneDelegate.swift; sourceTree = "<group>"; };
		C272F8BB26184C860037F311 /* ViewController.swift */ = {isa = PBXFileReference; lastKnownFileType = sourcecode.swift; path = ViewController.swift; sourceTree = "<group>"; };
		C272F8BE26184C860037F311 /* Base */ = {isa = PBXFileReference; lastKnownFileType = file.storyboard; name = Base; path = Base.lproj/Main.storyboard; sourceTree = "<group>"; };
		C272F8C026184C870037F311 /* Assets.xcassets */ = {isa = PBXFileReference; lastKnownFileType = folder.assetcatalog; path = Assets.xcassets; sourceTree = "<group>"; };
		C272F8C326184C870037F311 /* Base */ = {isa = PBXFileReference; lastKnownFileType = file.storyboard; name = Base; path = Base.lproj/LaunchScreen.storyboard; sourceTree = "<group>"; };
		C272F8C526184C870037F311 /* Info.plist */ = {isa = PBXFileReference; lastKnownFileType = text.plist.xml; path = Info.plist; sourceTree = "<group>"; };
		C272F8D4261853520037F311 /* MainTabController.swift */ = {isa = PBXFileReference; lastKnownFileType = sourcecode.swift; path = MainTabController.swift; sourceTree = "<group>"; };
		C272F8D72618DA720037F311 /* FeedController.swift */ = {isa = PBXFileReference; lastKnownFileType = sourcecode.swift; path = FeedController.swift; sourceTree = "<group>"; };
		C272F8DA2618DA870037F311 /* SearchController.swift */ = {isa = PBXFileReference; lastKnownFileType = sourcecode.swift; path = SearchController.swift; sourceTree = "<group>"; };
		C272F8DD2618DA9A0037F311 /* ImageSelectorController.swift */ = {isa = PBXFileReference; lastKnownFileType = sourcecode.swift; path = ImageSelectorController.swift; sourceTree = "<group>"; };
		C272F8E02618DAAD0037F311 /* NotificationController.swift */ = {isa = PBXFileReference; lastKnownFileType = sourcecode.swift; path = NotificationController.swift; sourceTree = "<group>"; };
		C272F8E32618DABE0037F311 /* ProfileController.swift */ = {isa = PBXFileReference; lastKnownFileType = sourcecode.swift; path = ProfileController.swift; sourceTree = "<group>"; };
		C2868765263D023E00EF8D56 /* UserCellViewModel.swift */ = {isa = PBXFileReference; lastKnownFileType = sourcecode.swift; path = UserCellViewModel.swift; sourceTree = "<group>"; };
		C2BC18FF261CB4BA00B77F13 /* CustomTextField.swift */ = {isa = PBXFileReference; lastKnownFileType = sourcecode.swift; path = CustomTextField.swift; sourceTree = "<group>"; };
		C2BC1902261CCA3E00B77F13 /* AuthenticationViewModel.swift */ = {isa = PBXFileReference; lastKnownFileType = sourcecode.swift; path = AuthenticationViewModel.swift; sourceTree = "<group>"; };
		C2C9DC98261B65FC0059139E /* LoginController.swift */ = {isa = PBXFileReference; lastKnownFileType = sourcecode.swift; path = LoginController.swift; sourceTree = "<group>"; };
		C2C9DC9C261B66140059139E /* RegistrationController.swift */ = {isa = PBXFileReference; lastKnownFileType = sourcecode.swift; path = RegistrationController.swift; sourceTree = "<group>"; };
		C2CF47FB262FDDB5007B724B /* UserService.swift */ = {isa = PBXFileReference; lastKnownFileType = sourcecode.swift; path = UserService.swift; sourceTree = "<group>"; };
		C2CF47FE262FDE21007B724B /* Constants.swift */ = {isa = PBXFileReference; lastKnownFileType = sourcecode.swift; path = Constants.swift; sourceTree = "<group>"; };
		C2CF480126300A77007B724B /* User.swift */ = {isa = PBXFileReference; lastKnownFileType = sourcecode.swift; path = User.swift; sourceTree = "<group>"; };
		C2CF480426300F23007B724B /* ProfileHeaderViewModel.swift */ = {isa = PBXFileReference; lastKnownFileType = sourcecode.swift; path = ProfileHeaderViewModel.swift; sourceTree = "<group>"; };
		C2F199372621FF750017E5F1 /* ImageUploader.swift */ = {isa = PBXFileReference; lastKnownFileType = sourcecode.swift; path = ImageUploader.swift; sourceTree = "<group>"; };
		C2F1993A2621FF920017E5F1 /* AuthService.swift */ = {isa = PBXFileReference; lastKnownFileType = sourcecode.swift; path = AuthService.swift; sourceTree = "<group>"; };
		C2F199422622DE5B0017E5F1 /* GoogleService-Info.plist */ = {isa = PBXFileReference; fileEncoding = 4; lastKnownFileType = text.plist.xml; path = "GoogleService-Info.plist"; sourceTree = "<group>"; };
		D368103CF4F5F4529A630CC9 /* Pods_InstagramFirestoreTutorial.framework */ = {isa = PBXFileReference; explicitFileType = wrapper.framework; includeInIndex = 0; path = Pods_InstagramFirestoreTutorial.framework; sourceTree = BUILT_PRODUCTS_DIR; };
/* End PBXFileReference section */

/* Begin PBXFrameworksBuildPhase section */
		C272F8B126184C860037F311 /* Frameworks */ = {
			isa = PBXFrameworksBuildPhase;
			buildActionMask = 2147483647;
			files = (
				748B8ADF8C48FE4344B8BE94 /* Pods_InstagramFirestoreTutorial.framework in Frameworks */,
			);
			runOnlyForDeploymentPostprocessing = 0;
		};
/* End PBXFrameworksBuildPhase section */

/* Begin PBXGroup section */
		C24FBE152626D59000DAC490 /* Profile */ = {
			isa = PBXGroup;
			children = (
				C24FBE0B2626AD4300DAC490 /* ProfileCell.swift */,
				C24FBE0E2626D57300DAC490 /* ProfileHeader.swift */,
			);
			path = Profile;
			sourceTree = "<group>";
		};
		C272F8AB26184C860037F311 = {
			isa = PBXGroup;
			children = (
				C272F8B626184C860037F311 /* InstagramFirestoreTutorial */,
				C272F8B526184C860037F311 /* Products */,
				FFD2DE4C50375554D4CD024A /* Pods */,
				F1F7999272EDB5A23B8D0B89 /* Frameworks */,
			);
			sourceTree = "<group>";
		};
		C272F8B526184C860037F311 /* Products */ = {
			isa = PBXGroup;
			children = (
				C272F8B426184C860037F311 /* InstagramFirestoreTutorial.app */,
			);
			name = Products;
			sourceTree = "<group>";
		};
		C272F8B626184C860037F311 /* InstagramFirestoreTutorial */ = {
			isa = PBXGroup;
			children = (
				C272F8D226184FD80037F311 /* Model */,
				C272F8D126184FD70037F311 /* View */,
				C272F8D026184FD60037F311 /* ViewModel */,
				C272F8CF26184FD40037F311 /* Controller */,
				C272F8CD26184FCD0037F311 /* API */,
				C272F8CC26184F8E0037F311 /* Utils */,
				C272F8B726184C860037F311 /* AppDelegate.swift */,
				C272F8B926184C860037F311 /* SceneDelegate.swift */,
				C272F8BB26184C860037F311 /* ViewController.swift */,
				C272F8BD26184C860037F311 /* Main.storyboard */,
				C272F8C026184C870037F311 /* Assets.xcassets */,
				C272F8C226184C870037F311 /* LaunchScreen.storyboard */,
				C2F199422622DE5B0017E5F1 /* GoogleService-Info.plist */,
				C272F8C526184C870037F311 /* Info.plist */,
			);
			path = InstagramFirestoreTutorial;
			sourceTree = "<group>";
		};
		C272F8CC26184F8E0037F311 /* Utils */ = {
			isa = PBXGroup;
			children = (
				C23930A6261A225900674918 /* Extensions.swift */,
				C2CF47FE262FDE21007B724B /* Constants.swift */,
				C2342668264534A500596A6B /* InputTextView.swift */,
			);
			path = Utils;
			sourceTree = "<group>";
		};
		C272F8CD26184FCD0037F311 /* API */ = {
			isa = PBXGroup;
			children = (
				C2F199372621FF750017E5F1 /* ImageUploader.swift */,
				C2F1993A2621FF920017E5F1 /* AuthService.swift */,
				C2CF47FB262FDDB5007B724B /* UserService.swift */,
				C200CA8F265918F500DD0D79 /* PostServices.swift */,
			);
			path = API;
			sourceTree = "<group>";
		};
		C272F8CF26184FD40037F311 /* Controller */ = {
			isa = PBXGroup;
			children = (
				C2C9DC97261B65CA0059139E /* Authentication */,
				C272F8D4261853520037F311 /* MainTabController.swift */,
				C272F8D72618DA720037F311 /* FeedController.swift */,
				C272F8DA2618DA870037F311 /* SearchController.swift */,
				C272F8DD2618DA9A0037F311 /* ImageSelectorController.swift */,
				C272F8E02618DAAD0037F311 /* NotificationController.swift */,
				C272F8E32618DABE0037F311 /* ProfileController.swift */,
				C2342665264531F100596A6B /* UploadPhotoController.swift */,
			);
			path = Controller;
			sourceTree = "<group>";
		};
		C272F8D026184FD60037F311 /* ViewModel */ = {
			isa = PBXGroup;
			children = (
				C2BC1902261CCA3E00B77F13 /* AuthenticationViewModel.swift */,
				C2CF480426300F23007B724B /* ProfileHeaderViewModel.swift */,
				C2868765263D023E00EF8D56 /* UserCellViewModel.swift */,
			);
			path = ViewModel;
			sourceTree = "<group>";
		};
		C272F8D126184FD70037F311 /* View */ = {
			isa = PBXGroup;
			children = (
				C24FBE152626D59000DAC490 /* Profile */,
				C23930A3261A215A00674918 /* FeedCell.swift */,
				C2BC18FF261CB4BA00B77F13 /* CustomTextField.swift */,
				C2232699263585EE00147F91 /* UserCell.swift */,
			);
			path = View;
			sourceTree = "<group>";
		};
		C272F8D226184FD80037F311 /* Model */ = {
			isa = PBXGroup;
			children = (
				C2CF480126300A77007B724B /* User.swift */,
			);
			path = Model;
			sourceTree = "<group>";
		};
		C2C9DC97261B65CA0059139E /* Authentication */ = {
			isa = PBXGroup;
			children = (
				C2C9DC98261B65FC0059139E /* LoginController.swift */,
				C2C9DC9C261B66140059139E /* RegistrationController.swift */,
			);
			path = Authentication;
			sourceTree = "<group>";
		};
		F1F7999272EDB5A23B8D0B89 /* Frameworks */ = {
			isa = PBXGroup;
			children = (
				D368103CF4F5F4529A630CC9 /* Pods_InstagramFirestoreTutorial.framework */,
			);
			name = Frameworks;
			sourceTree = "<group>";
		};
		FFD2DE4C50375554D4CD024A /* Pods */ = {
			isa = PBXGroup;
			children = (
				030B730210052D066CFDD059 /* Pods-InstagramFirestoreTutorial.debug.xcconfig */,
				ADFC10FC2160DBF0BDF33E37 /* Pods-InstagramFirestoreTutorial.release.xcconfig */,
			);
			path = Pods;
			sourceTree = "<group>";
		};
/* End PBXGroup section */

/* Begin PBXNativeTarget section */
		C272F8B326184C860037F311 /* InstagramFirestoreTutorial */ = {
			isa = PBXNativeTarget;
			buildConfigurationList = C272F8C826184C870037F311 /* Build configuration list for PBXNativeTarget "InstagramFirestoreTutorial" */;
			buildPhases = (
				C33F17DDB645EBC5E43E5AB4 /* [CP] Check Pods Manifest.lock */,
				C272F8B026184C860037F311 /* Sources */,
				C272F8B126184C860037F311 /* Frameworks */,
				C272F8B226184C860037F311 /* Resources */,
				C0ECCDC258DB7DBC7723080A /* [CP] Embed Pods Frameworks */,
			);
			buildRules = (
			);
			dependencies = (
			);
			name = InstagramFirestoreTutorial;
			productName = InstagramFirestoreTutorial;
			productReference = C272F8B426184C860037F311 /* InstagramFirestoreTutorial.app */;
			productType = "com.apple.product-type.application";
		};
/* End PBXNativeTarget section */

/* Begin PBXProject section */
		C272F8AC26184C860037F311 /* Project object */ = {
			isa = PBXProject;
			attributes = {
				LastSwiftUpdateCheck = 1220;
				LastUpgradeCheck = 1220;
				TargetAttributes = {
					C272F8B326184C860037F311 = {
						CreatedOnToolsVersion = 12.2;
					};
				};
			};
			buildConfigurationList = C272F8AF26184C860037F311 /* Build configuration list for PBXProject "InstagramFirestoreTutorial" */;
			compatibilityVersion = "Xcode 9.3";
			developmentRegion = en;
			hasScannedForEncodings = 0;
			knownRegions = (
				en,
				Base,
			);
			mainGroup = C272F8AB26184C860037F311;
			productRefGroup = C272F8B526184C860037F311 /* Products */;
			projectDirPath = "";
			projectRoot = "";
			targets = (
				C272F8B326184C860037F311 /* InstagramFirestoreTutorial */,
			);
		};
/* End PBXProject section */

/* Begin PBXResourcesBuildPhase section */
		C272F8B226184C860037F311 /* Resources */ = {
			isa = PBXResourcesBuildPhase;
			buildActionMask = 2147483647;
			files = (
				C272F8C426184C870037F311 /* LaunchScreen.storyboard in Resources */,
				C2F199432622DE5B0017E5F1 /* GoogleService-Info.plist in Resources */,
				C272F8C126184C870037F311 /* Assets.xcassets in Resources */,
				C272F8BF26184C860037F311 /* Main.storyboard in Resources */,
			);
			runOnlyForDeploymentPostprocessing = 0;
		};
/* End PBXResourcesBuildPhase section */

/* Begin PBXShellScriptBuildPhase section */
		C0ECCDC258DB7DBC7723080A /* [CP] Embed Pods Frameworks */ = {
			isa = PBXShellScriptBuildPhase;
			buildActionMask = 2147483647;
			files = (
			);
			inputFileListPaths = (
				"${PODS_ROOT}/Target Support Files/Pods-InstagramFirestoreTutorial/Pods-InstagramFirestoreTutorial-frameworks-${CONFIGURATION}-input-files.xcfilelist",
			);
			name = "[CP] Embed Pods Frameworks";
			outputFileListPaths = (
				"${PODS_ROOT}/Target Support Files/Pods-InstagramFirestoreTutorial/Pods-InstagramFirestoreTutorial-frameworks-${CONFIGURATION}-output-files.xcfilelist",
			);
			runOnlyForDeploymentPostprocessing = 0;
			shellPath = /bin/sh;
			shellScript = "\"${PODS_ROOT}/Target Support Files/Pods-InstagramFirestoreTutorial/Pods-InstagramFirestoreTutorial-frameworks.sh\"\n";
			showEnvVarsInLog = 0;
		};
		C33F17DDB645EBC5E43E5AB4 /* [CP] Check Pods Manifest.lock */ = {
			isa = PBXShellScriptBuildPhase;
			buildActionMask = 2147483647;
			files = (
			);
			inputFileListPaths = (
			);
			inputPaths = (
				"${PODS_PODFILE_DIR_PATH}/Podfile.lock",
				"${PODS_ROOT}/Manifest.lock",
			);
			name = "[CP] Check Pods Manifest.lock";
			outputFileListPaths = (
			);
			outputPaths = (
				"$(DERIVED_FILE_DIR)/Pods-InstagramFirestoreTutorial-checkManifestLockResult.txt",
			);
			runOnlyForDeploymentPostprocessing = 0;
			shellPath = /bin/sh;
			shellScript = "diff \"${PODS_PODFILE_DIR_PATH}/Podfile.lock\" \"${PODS_ROOT}/Manifest.lock\" > /dev/null\nif [ $? != 0 ] ; then\n    # print error to STDERR\n    echo \"error: The sandbox is not in sync with the Podfile.lock. Run 'pod install' or update your CocoaPods installation.\" >&2\n    exit 1\nfi\n# This output is used by Xcode 'outputs' to avoid re-running this script phase.\necho \"SUCCESS\" > \"${SCRIPT_OUTPUT_FILE_0}\"\n";
			showEnvVarsInLog = 0;
		};
/* End PBXShellScriptBuildPhase section */

/* Begin PBXSourcesBuildPhase section */
		C272F8B026184C860037F311 /* Sources */ = {
			isa = PBXSourcesBuildPhase;
			buildActionMask = 2147483647;
			files = (
				C2BC1900261CB4BA00B77F13 /* CustomTextField.swift in Sources */,
				C24FBE0F2626D57300DAC490 /* ProfileHeader.swift in Sources */,
				C272F8BC26184C860037F311 /* ViewController.swift in Sources */,
				C2C9DC99261B65FC0059139E /* LoginController.swift in Sources */,
				C23930A4261A215A00674918 /* FeedCell.swift in Sources */,
				C272F8DE2618DA9A0037F311 /* ImageSelectorController.swift in Sources */,
				C272F8E12618DAAD0037F311 /* NotificationController.swift in Sources */,
				C2BC1903261CCA3E00B77F13 /* AuthenticationViewModel.swift in Sources */,
				C223269A263585EE00147F91 /* UserCell.swift in Sources */,
				C272F8DB2618DA870037F311 /* SearchController.swift in Sources */,
				C272F8B826184C860037F311 /* AppDelegate.swift in Sources */,
				C2342666264531F100596A6B /* UploadPhotoController.swift in Sources */,
				C2CF480226300A77007B724B /* User.swift in Sources */,
				C272F8E42618DABE0037F311 /* ProfileController.swift in Sources */,
				C2CF480526300F23007B724B /* ProfileHeaderViewModel.swift in Sources */,
				C2342669264534A500596A6B /* InputTextView.swift in Sources */,
				C2CF47FF262FDE21007B724B /* Constants.swift in Sources */,
				C272F8D82618DA720037F311 /* FeedController.swift in Sources */,
				C2868766263D023E00EF8D56 /* UserCellViewModel.swift in Sources */,
				C272F8D5261853520037F311 /* MainTabController.swift in Sources */,
				C23930A7261A225900674918 /* Extensions.swift in Sources */,
				C2F199382621FF750017E5F1 /* ImageUploader.swift in Sources */,
				C2F1993B2621FF920017E5F1 /* AuthService.swift in Sources */,
				C2CF47FC262FDDB5007B724B /* UserService.swift in Sources */,
				C24FBE0C2626AD4300DAC490 /* ProfileCell.swift in Sources */,
				C272F8BA26184C860037F311 /* SceneDelegate.swift in Sources */,
				C2C9DC9D261B66140059139E /* RegistrationController.swift in Sources */,
				C200CA90265918F500DD0D79 /* PostServices.swift in Sources */,
			);
			runOnlyForDeploymentPostprocessing = 0;
		};
/* End PBXSourcesBuildPhase section */

/* Begin PBXVariantGroup section */
		C272F8BD26184C860037F311 /* Main.storyboard */ = {
			isa = PBXVariantGroup;
			children = (
				C272F8BE26184C860037F311 /* Base */,
			);
			name = Main.storyboard;
			sourceTree = "<group>";
		};
		C272F8C226184C870037F311 /* LaunchScreen.storyboard */ = {
			isa = PBXVariantGroup;
			children = (
				C272F8C326184C870037F311 /* Base */,
			);
			name = LaunchScreen.storyboard;
			sourceTree = "<group>";
		};
/* End PBXVariantGroup section */

/* Begin XCBuildConfiguration section */
		C272F8C626184C870037F311 /* Debug */ = {
			isa = XCBuildConfiguration;
			buildSettings = {
				ALWAYS_SEARCH_USER_PATHS = NO;
				CLANG_ANALYZER_NONNULL = YES;
				CLANG_ANALYZER_NUMBER_OBJECT_CONVERSION = YES_AGGRESSIVE;
				CLANG_CXX_LANGUAGE_STANDARD = "gnu++14";
				CLANG_CXX_LIBRARY = "libc++";
				CLANG_ENABLE_MODULES = YES;
				CLANG_ENABLE_OBJC_ARC = YES;
				CLANG_ENABLE_OBJC_WEAK = YES;
				CLANG_WARN_BLOCK_CAPTURE_AUTORELEASING = YES;
				CLANG_WARN_BOOL_CONVERSION = YES;
				CLANG_WARN_COMMA = YES;
				CLANG_WARN_CONSTANT_CONVERSION = YES;
				CLANG_WARN_DEPRECATED_OBJC_IMPLEMENTATIONS = YES;
				CLANG_WARN_DIRECT_OBJC_ISA_USAGE = YES_ERROR;
				CLANG_WARN_DOCUMENTATION_COMMENTS = YES;
				CLANG_WARN_EMPTY_BODY = YES;
				CLANG_WARN_ENUM_CONVERSION = YES;
				CLANG_WARN_INFINITE_RECURSION = YES;
				CLANG_WARN_INT_CONVERSION = YES;
				CLANG_WARN_NON_LITERAL_NULL_CONVERSION = YES;
				CLANG_WARN_OBJC_IMPLICIT_RETAIN_SELF = YES;
				CLANG_WARN_OBJC_LITERAL_CONVERSION = YES;
				CLANG_WARN_OBJC_ROOT_CLASS = YES_ERROR;
				CLANG_WARN_QUOTED_INCLUDE_IN_FRAMEWORK_HEADER = YES;
				CLANG_WARN_RANGE_LOOP_ANALYSIS = YES;
				CLANG_WARN_STRICT_PROTOTYPES = YES;
				CLANG_WARN_SUSPICIOUS_MOVE = YES;
				CLANG_WARN_UNGUARDED_AVAILABILITY = YES_AGGRESSIVE;
				CLANG_WARN_UNREACHABLE_CODE = YES;
				CLANG_WARN__DUPLICATE_METHOD_MATCH = YES;
				COPY_PHASE_STRIP = NO;
				DEBUG_INFORMATION_FORMAT = dwarf;
				ENABLE_STRICT_OBJC_MSGSEND = YES;
				ENABLE_TESTABILITY = YES;
				GCC_C_LANGUAGE_STANDARD = gnu11;
				GCC_DYNAMIC_NO_PIC = NO;
				GCC_NO_COMMON_BLOCKS = YES;
				GCC_OPTIMIZATION_LEVEL = 0;
				GCC_PREPROCESSOR_DEFINITIONS = (
					"DEBUG=1",
					"$(inherited)",
				);
				GCC_WARN_64_TO_32_BIT_CONVERSION = YES;
				GCC_WARN_ABOUT_RETURN_TYPE = YES_ERROR;
				GCC_WARN_UNDECLARED_SELECTOR = YES;
				GCC_WARN_UNINITIALIZED_AUTOS = YES_AGGRESSIVE;
				GCC_WARN_UNUSED_FUNCTION = YES;
				GCC_WARN_UNUSED_VARIABLE = YES;
				IPHONEOS_DEPLOYMENT_TARGET = 14.2;
				MTL_ENABLE_DEBUG_INFO = INCLUDE_SOURCE;
				MTL_FAST_MATH = YES;
				ONLY_ACTIVE_ARCH = YES;
				SDKROOT = iphoneos;
				SWIFT_ACTIVE_COMPILATION_CONDITIONS = DEBUG;
				SWIFT_OPTIMIZATION_LEVEL = "-Onone";
			};
			name = Debug;
		};
		C272F8C726184C870037F311 /* Release */ = {
			isa = XCBuildConfiguration;
			buildSettings = {
				ALWAYS_SEARCH_USER_PATHS = NO;
				CLANG_ANALYZER_NONNULL = YES;
				CLANG_ANALYZER_NUMBER_OBJECT_CONVERSION = YES_AGGRESSIVE;
				CLANG_CXX_LANGUAGE_STANDARD = "gnu++14";
				CLANG_CXX_LIBRARY = "libc++";
				CLANG_ENABLE_MODULES = YES;
				CLANG_ENABLE_OBJC_ARC = YES;
				CLANG_ENABLE_OBJC_WEAK = YES;
				CLANG_WARN_BLOCK_CAPTURE_AUTORELEASING = YES;
				CLANG_WARN_BOOL_CONVERSION = YES;
				CLANG_WARN_COMMA = YES;
				CLANG_WARN_CONSTANT_CONVERSION = YES;
				CLANG_WARN_DEPRECATED_OBJC_IMPLEMENTATIONS = YES;
				CLANG_WARN_DIRECT_OBJC_ISA_USAGE = YES_ERROR;
				CLANG_WARN_DOCUMENTATION_COMMENTS = YES;
				CLANG_WARN_EMPTY_BODY = YES;
				CLANG_WARN_ENUM_CONVERSION = YES;
				CLANG_WARN_INFINITE_RECURSION = YES;
				CLANG_WARN_INT_CONVERSION = YES;
				CLANG_WARN_NON_LITERAL_NULL_CONVERSION = YES;
				CLANG_WARN_OBJC_IMPLICIT_RETAIN_SELF = YES;
				CLANG_WARN_OBJC_LITERAL_CONVERSION = YES;
				CLANG_WARN_OBJC_ROOT_CLASS = YES_ERROR;
				CLANG_WARN_QUOTED_INCLUDE_IN_FRAMEWORK_HEADER = YES;
				CLANG_WARN_RANGE_LOOP_ANALYSIS = YES;
				CLANG_WARN_STRICT_PROTOTYPES = YES;
				CLANG_WARN_SUSPICIOUS_MOVE = YES;
				CLANG_WARN_UNGUARDED_AVAILABILITY = YES_AGGRESSIVE;
				CLANG_WARN_UNREACHABLE_CODE = YES;
				CLANG_WARN__DUPLICATE_METHOD_MATCH = YES;
				COPY_PHASE_STRIP = NO;
				DEBUG_INFORMATION_FORMAT = "dwarf-with-dsym";
				ENABLE_NS_ASSERTIONS = NO;
				ENABLE_STRICT_OBJC_MSGSEND = YES;
				GCC_C_LANGUAGE_STANDARD = gnu11;
				GCC_NO_COMMON_BLOCKS = YES;
				GCC_WARN_64_TO_32_BIT_CONVERSION = YES;
				GCC_WARN_ABOUT_RETURN_TYPE = YES_ERROR;
				GCC_WARN_UNDECLARED_SELECTOR = YES;
				GCC_WARN_UNINITIALIZED_AUTOS = YES_AGGRESSIVE;
				GCC_WARN_UNUSED_FUNCTION = YES;
				GCC_WARN_UNUSED_VARIABLE = YES;
				IPHONEOS_DEPLOYMENT_TARGET = 14.2;
				MTL_ENABLE_DEBUG_INFO = NO;
				MTL_FAST_MATH = YES;
				SDKROOT = iphoneos;
				SWIFT_COMPILATION_MODE = wholemodule;
				SWIFT_OPTIMIZATION_LEVEL = "-O";
				VALIDATE_PRODUCT = YES;
			};
			name = Release;
		};
		C272F8C926184C870037F311 /* Debug */ = {
			isa = XCBuildConfiguration;
			baseConfigurationReference = 030B730210052D066CFDD059 /* Pods-InstagramFirestoreTutorial.debug.xcconfig */;
			buildSettings = {
				ASSETCATALOG_COMPILER_APPICON_NAME = AppIcon;
				ASSETCATALOG_COMPILER_GLOBAL_ACCENT_COLOR_NAME = AccentColor;
				CODE_SIGN_STYLE = Automatic;
				INFOPLIST_FILE = InstagramFirestoreTutorial/Info.plist;
				LD_RUNPATH_SEARCH_PATHS = (
					"$(inherited)",
					"@executable_path/Frameworks",
				);
				PRODUCT_BUNDLE_IDENTIFIER = com.test.testabc314.InstagramFirestoreTutorial;
				PRODUCT_NAME = "$(TARGET_NAME)";
				SWIFT_VERSION = 5.0;
				TARGETED_DEVICE_FAMILY = "1,2";
			};
			name = Debug;
		};
		C272F8CA26184C870037F311 /* Release */ = {
			isa = XCBuildConfiguration;
			baseConfigurationReference = ADFC10FC2160DBF0BDF33E37 /* Pods-InstagramFirestoreTutorial.release.xcconfig */;
			buildSettings = {
				ASSETCATALOG_COMPILER_APPICON_NAME = AppIcon;
				ASSETCATALOG_COMPILER_GLOBAL_ACCENT_COLOR_NAME = AccentColor;
				CODE_SIGN_STYLE = Automatic;
				INFOPLIST_FILE = InstagramFirestoreTutorial/Info.plist;
				LD_RUNPATH_SEARCH_PATHS = (
					"$(inherited)",
					"@executable_path/Frameworks",
				);
				PRODUCT_BUNDLE_IDENTIFIER = com.test.testabc314.InstagramFirestoreTutorial;
				PRODUCT_NAME = "$(TARGET_NAME)";
				SWIFT_VERSION = 5.0;
				TARGETED_DEVICE_FAMILY = "1,2";
			};
			name = Release;
		};
/* End XCBuildConfiguration section */

/* Begin XCConfigurationList section */
		C272F8AF26184C860037F311 /* Build configuration list for PBXProject "InstagramFirestoreTutorial" */ = {
			isa = XCConfigurationList;
			buildConfigurations = (
				C272F8C626184C870037F311 /* Debug */,
				C272F8C726184C870037F311 /* Release */,
			);
			defaultConfigurationIsVisible = 0;
			defaultConfigurationName = Release;
		};
		C272F8C826184C870037F311 /* Build configuration list for PBXNativeTarget "InstagramFirestoreTutorial" */ = {
			isa = XCConfigurationList;
			buildConfigurations = (
				C272F8C926184C870037F311 /* Debug */,
				C272F8CA26184C870037F311 /* Release */,
			);
			defaultConfigurationIsVisible = 0;
			defaultConfigurationName = Release;
		};
/* End XCConfigurationList section */
	};
	rootObject = C272F8AC26184C860037F311 /* Project object */;
}
