// !$*UTF8*$!
{
	archiveVersion = 1;
	classes = {
	};
	objectVersion = 50;
	objects = {

/* Begin PBXBuildFile section */
		C2556E9925F334FC00A28648 /* AppDelegate.swift in Sources */ = {isa = PBXBuildFile; fileRef = C2556E9825F334FC00A28648 /* AppDelegate.swift */; };
		C2556E9B25F334FC00A28648 /* SceneDelegate.swift in Sources */ = {isa = PBXBuildFile; fileRef = C2556E9A25F334FC00A28648 /* SceneDelegate.swift */; };
		C2556E9D25F334FC00A28648 /* ContentView.swift in Sources */ = {isa = PBXBuildFile; fileRef = C2556E9C25F334FC00A28648 /* ContentView.swift */; };
		C2556E9F25F334FD00A28648 /* Assets.xcassets in Resources */ = {isa = PBXBuildFile; fileRef = C2556E9E25F334FD00A28648 /* Assets.xcassets */; };
		C2556EA225F334FD00A28648 /* Preview Assets.xcassets in Resources */ = {isa = PBXBuildFile; fileRef = C2556EA125F334FD00A28648 /* Preview Assets.xcassets */; };
		C2556EA525F334FD00A28648 /* LaunchScreen.storyboard in Resources */ = {isa = PBXBuildFile; fileRef = C2556EA325F334FD00A28648 /* LaunchScreen.storyboard */; };
		C2CC7E0925F3BA7500465915 /* CounterView.swift in Sources */ = {isa = PBXBuildFile; fileRef = C2CC7E0825F3BA7500465915 /* CounterView.swift */; };
		C2CC7E0C25F3BAB500465915 /* wolfram.swift in Sources */ = {isa = PBXBuildFile; fileRef = C2CC7E0B25F3BAB500465915 /* wolfram.swift */; };
		C2E7D29125F3BBD100808910 /* IsPrimeModalView.swift in Sources */ = {isa = PBXBuildFile; fileRef = C2E7D29025F3BBD100808910 /* IsPrimeModalView.swift */; };
		C2E7D29425F3BBF700808910 /* FavoritePrimes.swift in Sources */ = {isa = PBXBuildFile; fileRef = C2E7D29325F3BBF700808910 /* FavoritePrimes.swift */; };
		C2E7D29725F3C49F00808910 /* Log.swift in Sources */ = {isa = PBXBuildFile; fileRef = C2E7D29625F3C49F00808910 /* Log.swift */; };
		C2E7D2BB25F3CF1100808910 /* AppState.swift in Sources */ = {isa = PBXBuildFile; fileRef = C2E7D2BA25F3CF1100808910 /* AppState.swift */; };
/* End PBXBuildFile section */

/* Begin PBXFileReference section */
		C2556E9525F334FC00A28648 /* project.app */ = {isa = PBXFileReference; explicitFileType = wrapper.application; includeInIndex = 0; path = project.app; sourceTree = BUILT_PRODUCTS_DIR; };
		C2556E9825F334FC00A28648 /* AppDelegate.swift */ = {isa = PBXFileReference; lastKnownFileType = sourcecode.swift; path = AppDelegate.swift; sourceTree = "<group>"; };
		C2556E9A25F334FC00A28648 /* SceneDelegate.swift */ = {isa = PBXFileReference; lastKnownFileType = sourcecode.swift; path = SceneDelegate.swift; sourceTree = "<group>"; };
		C2556E9C25F334FC00A28648 /* ContentView.swift */ = {isa = PBXFileReference; lastKnownFileType = sourcecode.swift; path = ContentView.swift; sourceTree = "<group>"; };
		C2556E9E25F334FD00A28648 /* Assets.xcassets */ = {isa = PBXFileReference; lastKnownFileType = folder.assetcatalog; path = Assets.xcassets; sourceTree = "<group>"; };
		C2556EA125F334FD00A28648 /* Preview Assets.xcassets */ = {isa = PBXFileReference; lastKnownFileType = folder.assetcatalog; path = "Preview Assets.xcassets"; sourceTree = "<group>"; };
		C2556EA425F334FD00A28648 /* Base */ = {isa = PBXFileReference; lastKnownFileType = file.storyboard; name = Base; path = Base.lproj/LaunchScreen.storyboard; sourceTree = "<group>"; };
		C2556EA625F334FD00A28648 /* Info.plist */ = {isa = PBXFileReference; lastKnownFileType = text.plist.xml; path = Info.plist; sourceTree = "<group>"; };
		C2CC7E0825F3BA7500465915 /* CounterView.swift */ = {isa = PBXFileReference; lastKnownFileType = sourcecode.swift; path = CounterView.swift; sourceTree = "<group>"; };
		C2CC7E0B25F3BAB500465915 /* wolfram.swift */ = {isa = PBXFileReference; lastKnownFileType = sourcecode.swift; path = wolfram.swift; sourceTree = "<group>"; };
		C2E7D29025F3BBD100808910 /* IsPrimeModalView.swift */ = {isa = PBXFileReference; lastKnownFileType = sourcecode.swift; path = IsPrimeModalView.swift; sourceTree = "<group>"; };
		C2E7D29325F3BBF700808910 /* FavoritePrimes.swift */ = {isa = PBXFileReference; lastKnownFileType = sourcecode.swift; path = FavoritePrimes.swift; sourceTree = "<group>"; };
		C2E7D29625F3C49F00808910 /* Log.swift */ = {isa = PBXFileReference; lastKnownFileType = sourcecode.swift; path = Log.swift; sourceTree = "<group>"; };
		C2E7D2BA25F3CF1100808910 /* AppState.swift */ = {isa = PBXFileReference; lastKnownFileType = sourcecode.swift; path = AppState.swift; sourceTree = "<group>"; };
/* End PBXFileReference section */

/* Begin PBXFrameworksBuildPhase section */
		C2556E9225F334FC00A28648 /* Frameworks */ = {
			isa = PBXFrameworksBuildPhase;
			buildActionMask = 2147483647;
			files = (
			);
			runOnlyForDeploymentPostprocessing = 0;
		};
/* End PBXFrameworksBuildPhase section */

/* Begin PBXGroup section */
		C2556E8C25F334FC00A28648 = {
			isa = PBXGroup;
			children = (
				C2556E9725F334FC00A28648 /* project */,
				C2556E9625F334FC00A28648 /* Products */,
			);
			sourceTree = "<group>";
		};
		C2556E9625F334FC00A28648 /* Products */ = {
			isa = PBXGroup;
			children = (
				C2556E9525F334FC00A28648 /* project.app */,
			);
			name = Products;
			sourceTree = "<group>";
		};
		C2556E9725F334FC00A28648 /* project */ = {
			isa = PBXGroup;
			children = (
				C2556E9825F334FC00A28648 /* AppDelegate.swift */,
				C2556E9A25F334FC00A28648 /* SceneDelegate.swift */,
				C2556E9C25F334FC00A28648 /* ContentView.swift */,
				C2556E9E25F334FD00A28648 /* Assets.xcassets */,
				C2556EA325F334FD00A28648 /* LaunchScreen.storyboard */,
				C2556EA625F334FD00A28648 /* Info.plist */,
				C2556EA025F334FD00A28648 /* Preview Content */,
				C2CC7E0825F3BA7500465915 /* CounterView.swift */,
				C2CC7E0B25F3BAB500465915 /* wolfram.swift */,
				C2E7D29025F3BBD100808910 /* IsPrimeModalView.swift */,
				C2E7D29325F3BBF700808910 /* FavoritePrimes.swift */,
				C2E7D29625F3C49F00808910 /* Log.swift */,
				C2E7D2BA25F3CF1100808910 /* AppState.swift */,
			);
			path = project;
			sourceTree = "<group>";
		};
		C2556EA025F334FD00A28648 /* Preview Content */ = {
			isa = PBXGroup;
			children = (
				C2556EA125F334FD00A28648 /* Preview Assets.xcassets */,
			);
			path = "Preview Content";
			sourceTree = "<group>";
		};
/* End PBXGroup section */

/* Begin PBXNativeTarget section */
		C2556E9425F334FC00A28648 /* project */ = {
			isa = PBXNativeTarget;
			buildConfigurationList = C2556EA925F334FD00A28648 /* Build configuration list for PBXNativeTarget "project" */;
			buildPhases = (
				C2556E9125F334FC00A28648 /* Sources */,
				C2556E9225F334FC00A28648 /* Frameworks */,
				C2556E9325F334FC00A28648 /* Resources */,
			);
			buildRules = (
			);
			dependencies = (
			);
			name = project;
			productName = project;
			productReference = C2556E9525F334FC00A28648 /* project.app */;
			productType = "com.apple.product-type.application";
		};
/* End PBXNativeTarget section */

/* Begin PBXProject section */
		C2556E8D25F334FC00A28648 /* Project object */ = {
			isa = PBXProject;
			attributes = {
				LastSwiftUpdateCheck = 1220;
				LastUpgradeCheck = 1220;
				TargetAttributes = {
					C2556E9425F334FC00A28648 = {
						CreatedOnToolsVersion = 12.2;
					};
				};
			};
			buildConfigurationList = C2556E9025F334FC00A28648 /* Build configuration list for PBXProject "project" */;
			compatibilityVersion = "Xcode 9.3";
			developmentRegion = en;
			hasScannedForEncodings = 0;
			knownRegions = (
				en,
				Base,
			);
			mainGroup = C2556E8C25F334FC00A28648;
			productRefGroup = C2556E9625F334FC00A28648 /* Products */;
			projectDirPath = "";
			projectRoot = "";
			targets = (
				C2556E9425F334FC00A28648 /* project */,
			);
		};
/* End PBXProject section */

/* Begin PBXResourcesBuildPhase section */
		C2556E9325F334FC00A28648 /* Resources */ = {
			isa = PBXResourcesBuildPhase;
			buildActionMask = 2147483647;
			files = (
				C2556EA525F334FD00A28648 /* LaunchScreen.storyboard in Resources */,
				C2556EA225F334FD00A28648 /* Preview Assets.xcassets in Resources */,
				C2556E9F25F334FD00A28648 /* Assets.xcassets in Resources */,
			);
			runOnlyForDeploymentPostprocessing = 0;
		};
/* End PBXResourcesBuildPhase section */

/* Begin PBXSourcesBuildPhase section */
		C2556E9125F334FC00A28648 /* Sources */ = {
			isa = PBXSourcesBuildPhase;
			buildActionMask = 2147483647;
			files = (
				C2E7D29425F3BBF700808910 /* FavoritePrimes.swift in Sources */,
				C2556E9925F334FC00A28648 /* AppDelegate.swift in Sources */,
				C2556E9B25F334FC00A28648 /* SceneDelegate.swift in Sources */,
				C2E7D2BB25F3CF1100808910 /* AppState.swift in Sources */,
				C2556E9D25F334FC00A28648 /* ContentView.swift in Sources */,
				C2CC7E0C25F3BAB500465915 /* wolfram.swift in Sources */,
				C2E7D29125F3BBD100808910 /* IsPrimeModalView.swift in Sources */,
				C2E7D29725F3C49F00808910 /* Log.swift in Sources */,
				C2CC7E0925F3BA7500465915 /* CounterView.swift in Sources */,
			);
			runOnlyForDeploymentPostprocessing = 0;
		};
/* End PBXSourcesBuildPhase section */

/* Begin PBXVariantGroup section */
		C2556EA325F334FD00A28648 /* LaunchScreen.storyboard */ = {
			isa = PBXVariantGroup;
			children = (
				C2556EA425F334FD00A28648 /* Base */,
			);
			name = LaunchScreen.storyboard;
			sourceTree = "<group>";
		};
/* End PBXVariantGroup section */

/* Begin XCBuildConfiguration section */
		C2556EA725F334FD00A28648 /* Debug */ = {
			isa = XCBuildConfiguration;
			buildSettings = {
				ALWAYS_SEARCH_USER_PATHS = NO;
				CLANG_ANALYZER_NONNULL = YES;
				CLANG_ANALYZER_NUMBER_OBJECT_CONVERSION = YES_AGGRESSIVE;
				CLANG_CXX_LANGUAGE_STANDARD = "gnu++14";
				CLANG_CXX_LIBRARY = "libc++";
				CLANG_ENABLE_MODULES = YES;
				CLANG_ENABLE_OBJC_ARC = YES;
				CLANG_ENABLE_OBJC_WEAK = YES;
				CLANG_WARN_BLOCK_CAPTURE_AUTORELEASING = YES;
				CLANG_WARN_BOOL_CONVERSION = YES;
				CLANG_WARN_COMMA = YES;
				CLANG_WARN_CONSTANT_CONVERSION = YES;
				CLANG_WARN_DEPRECATED_OBJC_IMPLEMENTATIONS = YES;
				CLANG_WARN_DIRECT_OBJC_ISA_USAGE = YES_ERROR;
				CLANG_WARN_DOCUMENTATION_COMMENTS = YES;
				CLANG_WARN_EMPTY_BODY = YES;
				CLANG_WARN_ENUM_CONVERSION = YES;
				CLANG_WARN_INFINITE_RECURSION = YES;
				CLANG_WARN_INT_CONVERSION = YES;
				CLANG_WARN_NON_LITERAL_NULL_CONVERSION = YES;
				CLANG_WARN_OBJC_IMPLICIT_RETAIN_SELF = YES;
				CLANG_WARN_OBJC_LITERAL_CONVERSION = YES;
				CLANG_WARN_OBJC_ROOT_CLASS = YES_ERROR;
				CLANG_WARN_QUOTED_INCLUDE_IN_FRAMEWORK_HEADER = YES;
				CLANG_WARN_RANGE_LOOP_ANALYSIS = YES;
				CLANG_WARN_STRICT_PROTOTYPES = YES;
				CLANG_WARN_SUSPICIOUS_MOVE = YES;
				CLANG_WARN_UNGUARDED_AVAILABILITY = YES_AGGRESSIVE;
				CLANG_WARN_UNREACHABLE_CODE = YES;
				CLANG_WARN__DUPLICATE_METHOD_MATCH = YES;
				COPY_PHASE_STRIP = NO;
				DEBUG_INFORMATION_FORMAT = dwarf;
				ENABLE_STRICT_OBJC_MSGSEND = YES;
				ENABLE_TESTABILITY = YES;
				GCC_C_LANGUAGE_STANDARD = gnu11;
				GCC_DYNAMIC_NO_PIC = NO;
				GCC_NO_COMMON_BLOCKS = YES;
				GCC_OPTIMIZATION_LEVEL = 0;
				GCC_PREPROCESSOR_DEFINITIONS = (
					"DEBUG=1",
					"$(inherited)",
				);
				GCC_WARN_64_TO_32_BIT_CONVERSION = YES;
				GCC_WARN_ABOUT_RETURN_TYPE = YES_ERROR;
				GCC_WARN_UNDECLARED_SELECTOR = YES;
				GCC_WARN_UNINITIALIZED_AUTOS = YES_AGGRESSIVE;
				GCC_WARN_UNUSED_FUNCTION = YES;
				GCC_WARN_UNUSED_VARIABLE = YES;
				IPHONEOS_DEPLOYMENT_TARGET = 14.2;
				MTL_ENABLE_DEBUG_INFO = INCLUDE_SOURCE;
				MTL_FAST_MATH = YES;
				ONLY_ACTIVE_ARCH = YES;
				SDKROOT = iphoneos;
				SWIFT_ACTIVE_COMPILATION_CONDITIONS = DEBUG;
				SWIFT_OPTIMIZATION_LEVEL = "-Onone";
			};
			name = Debug;
		};
		C2556EA825F334FD00A28648 /* Release */ = {
			isa = XCBuildConfiguration;
			buildSettings = {
				ALWAYS_SEARCH_USER_PATHS = NO;
				CLANG_ANALYZER_NONNULL = YES;
				CLANG_ANALYZER_NUMBER_OBJECT_CONVERSION = YES_AGGRESSIVE;
				CLANG_CXX_LANGUAGE_STANDARD = "gnu++14";
				CLANG_CXX_LIBRARY = "libc++";
				CLANG_ENABLE_MODULES = YES;
				CLANG_ENABLE_OBJC_ARC = YES;
				CLANG_ENABLE_OBJC_WEAK = YES;
				CLANG_WARN_BLOCK_CAPTURE_AUTORELEASING = YES;
				CLANG_WARN_BOOL_CONVERSION = YES;
				CLANG_WARN_COMMA = YES;
				CLANG_WARN_CONSTANT_CONVERSION = YES;
				CLANG_WARN_DEPRECATED_OBJC_IMPLEMENTATIONS = YES;
				CLANG_WARN_DIRECT_OBJC_ISA_USAGE = YES_ERROR;
				CLANG_WARN_DOCUMENTATION_COMMENTS = YES;
				CLANG_WARN_EMPTY_BODY = YES;
				CLANG_WARN_ENUM_CONVERSION = YES;
				CLANG_WARN_INFINITE_RECURSION = YES;
				CLANG_WARN_INT_CONVERSION = YES;
				CLANG_WARN_NON_LITERAL_NULL_CONVERSION = YES;
				CLANG_WARN_OBJC_IMPLICIT_RETAIN_SELF = YES;
				CLANG_WARN_OBJC_LITERAL_CONVERSION = YES;
				CLANG_WARN_OBJC_ROOT_CLASS = YES_ERROR;
				CLANG_WARN_QUOTED_INCLUDE_IN_FRAMEWORK_HEADER = YES;
				CLANG_WARN_RANGE_LOOP_ANALYSIS = YES;
				CLANG_WARN_STRICT_PROTOTYPES = YES;
				CLANG_WARN_SUSPICIOUS_MOVE = YES;
				CLANG_WARN_UNGUARDED_AVAILABILITY = YES_AGGRESSIVE;
				CLANG_WARN_UNREACHABLE_CODE = YES;
				CLANG_WARN__DUPLICATE_METHOD_MATCH = YES;
				COPY_PHASE_STRIP = NO;
				DEBUG_INFORMATION_FORMAT = "dwarf-with-dsym";
				ENABLE_NS_ASSERTIONS = NO;
				ENABLE_STRICT_OBJC_MSGSEND = YES;
				GCC_C_LANGUAGE_STANDARD = gnu11;
				GCC_NO_COMMON_BLOCKS = YES;
				GCC_WARN_64_TO_32_BIT_CONVERSION = YES;
				GCC_WARN_ABOUT_RETURN_TYPE = YES_ERROR;
				GCC_WARN_UNDECLARED_SELECTOR = YES;
				GCC_WARN_UNINITIALIZED_AUTOS = YES_AGGRESSIVE;
				GCC_WARN_UNUSED_FUNCTION = YES;
				GCC_WARN_UNUSED_VARIABLE = YES;
				IPHONEOS_DEPLOYMENT_TARGET = 14.2;
				MTL_ENABLE_DEBUG_INFO = NO;
				MTL_FAST_MATH = YES;
				SDKROOT = iphoneos;
				SWIFT_COMPILATION_MODE = wholemodule;
				SWIFT_OPTIMIZATION_LEVEL = "-O";
				VALIDATE_PRODUCT = YES;
			};
			name = Release;
		};
		C2556EAA25F334FD00A28648 /* Debug */ = {
			isa = XCBuildConfiguration;
			buildSettings = {
				ASSETCATALOG_COMPILER_APPICON_NAME = AppIcon;
				ASSETCATALOG_COMPILER_GLOBAL_ACCENT_COLOR_NAME = AccentColor;
				CODE_SIGN_STYLE = Automatic;
				DEVELOPMENT_ASSET_PATHS = "\"project/Preview Content\"";
				ENABLE_PREVIEWS = YES;
				INFOPLIST_FILE = project/Info.plist;
				LD_RUNPATH_SEARCH_PATHS = (
					"$(inherited)",
					"@executable_path/Frameworks",
				);
				PRODUCT_BUNDLE_IDENTIFIER = com.test.testabc314.project;
				PRODUCT_NAME = "$(TARGET_NAME)";
				SWIFT_VERSION = 5.0;
				TARGETED_DEVICE_FAMILY = "1,2";
			};
			name = Debug;
		};
		C2556EAB25F334FD00A28648 /* Release */ = {
			isa = XCBuildConfiguration;
			buildSettings = {
				ASSETCATALOG_COMPILER_APPICON_NAME = AppIcon;
				ASSETCATALOG_COMPILER_GLOBAL_ACCENT_COLOR_NAME = AccentColor;
				CODE_SIGN_STYLE = Automatic;
				DEVELOPMENT_ASSET_PATHS = "\"project/Preview Content\"";
				ENABLE_PREVIEWS = YES;
				INFOPLIST_FILE = project/Info.plist;
				LD_RUNPATH_SEARCH_PATHS = (
					"$(inherited)",
					"@executable_path/Frameworks",
				);
				PRODUCT_BUNDLE_IDENTIFIER = com.test.testabc314.project;
				PRODUCT_NAME = "$(TARGET_NAME)";
				SWIFT_VERSION = 5.0;
				TARGETED_DEVICE_FAMILY = "1,2";
			};
			name = Release;
		};
/* End XCBuildConfiguration section */

/* Begin XCConfigurationList section */
		C2556E9025F334FC00A28648 /* Build configuration list for PBXProject "project" */ = {
			isa = XCConfigurationList;
			buildConfigurations = (
				C2556EA725F334FD00A28648 /* Debug */,
				C2556EA825F334FD00A28648 /* Release */,
			);
			defaultConfigurationIsVisible = 0;
			defaultConfigurationName = Release;
		};
		C2556EA925F334FD00A28648 /* Build configuration list for PBXNativeTarget "project" */ = {
			isa = XCConfigurationList;
			buildConfigurations = (
				C2556EAA25F334FD00A28648 /* Debug */,
				C2556EAB25F334FD00A28648 /* Release */,
			);
			defaultConfigurationIsVisible = 0;
			defaultConfigurationName = Release;
		};
/* End XCConfigurationList section */
	};
	rootObject = C2556E8D25F334FC00A28648 /* Project object */;
}
