// !$*UTF8*$!
{
	archiveVersion = 1;
	classes = {
	};
	objectVersion = 51;
	objects = {

/* Begin PBXBuildFile section */
		067DEF28721860A43F01C12C /* Pods_accountBook.framework in Frameworks */ = {isa = PBXBuildFile; fileRef = 1AB5426414CC00552940A807 /* Pods_accountBook.framework */; };
		C258DA1D25AD9C6300707359 /* MainCell.swift in Sources */ = {isa = PBXBuildFile; fileRef = C258DA1C25AD9C6300707359 /* MainCell.swift */; };
		C258DA2025ADA11200707359 /* DetailViewController.swift in Sources */ = {isa = PBXBuildFile; fileRef = C258DA1F25ADA11200707359 /* DetailViewController.swift */; };
		C2DB7AD425A4443000121443 /* AppDelegate.swift in Sources */ = {isa = PBXBuildFile; fileRef = C2DB7AD325A4443000121443 /* AppDelegate.swift */; };
		C2DB7AD625A4443000121443 /* SceneDelegate.swift in Sources */ = {isa = PBXBuildFile; fileRef = C2DB7AD525A4443000121443 /* SceneDelegate.swift */; };
		C2DB7AD825A4443000121443 /* ViewController.swift in Sources */ = {isa = PBXBuildFile; fileRef = C2DB7AD725A4443000121443 /* ViewController.swift */; };
		C2DB7ADB25A4443000121443 /* Main.storyboard in Resources */ = {isa = PBXBuildFile; fileRef = C2DB7AD925A4443000121443 /* Main.storyboard */; };
		C2DB7ADD25A4443300121443 /* Assets.xcassets in Resources */ = {isa = PBXBuildFile; fileRef = C2DB7ADC25A4443300121443 /* Assets.xcassets */; };
		C2DB7AE025A4443300121443 /* LaunchScreen.storyboard in Resources */ = {isa = PBXBuildFile; fileRef = C2DB7ADE25A4443300121443 /* LaunchScreen.storyboard */; };
/* End PBXBuildFile section */

/* Begin PBXFileReference section */
		1AB5426414CC00552940A807 /* Pods_accountBook.framework */ = {isa = PBXFileReference; explicitFileType = wrapper.framework; includeInIndex = 0; path = Pods_accountBook.framework; sourceTree = BUILT_PRODUCTS_DIR; };
		9BA4239FF86D61D4306C3169 /* Pods-accountBook.debug.xcconfig */ = {isa = PBXFileReference; includeInIndex = 1; lastKnownFileType = text.xcconfig; name = "Pods-accountBook.debug.xcconfig"; path = "Target Support Files/Pods-accountBook/Pods-accountBook.debug.xcconfig"; sourceTree = "<group>"; };
		BAB7C7E3F084C6F90B61C1BB /* Pods-accountBook.release.xcconfig */ = {isa = PBXFileReference; includeInIndex = 1; lastKnownFileType = text.xcconfig; name = "Pods-accountBook.release.xcconfig"; path = "Target Support Files/Pods-accountBook/Pods-accountBook.release.xcconfig"; sourceTree = "<group>"; };
		C258DA1C25AD9C6300707359 /* MainCell.swift */ = {isa = PBXFileReference; lastKnownFileType = sourcecode.swift; path = MainCell.swift; sourceTree = "<group>"; };
		C258DA1F25ADA11200707359 /* DetailViewController.swift */ = {isa = PBXFileReference; lastKnownFileType = sourcecode.swift; path = DetailViewController.swift; sourceTree = "<group>"; };
		C2DB7AD025A4443000121443 /* accountBook.app */ = {isa = PBXFileReference; explicitFileType = wrapper.application; includeInIndex = 0; path = accountBook.app; sourceTree = BUILT_PRODUCTS_DIR; };
		C2DB7AD325A4443000121443 /* AppDelegate.swift */ = {isa = PBXFileReference; lastKnownFileType = sourcecode.swift; path = AppDelegate.swift; sourceTree = "<group>"; };
		C2DB7AD525A4443000121443 /* SceneDelegate.swift */ = {isa = PBXFileReference; lastKnownFileType = sourcecode.swift; path = SceneDelegate.swift; sourceTree = "<group>"; };
		C2DB7AD725A4443000121443 /* ViewController.swift */ = {isa = PBXFileReference; lastKnownFileType = sourcecode.swift; path = ViewController.swift; sourceTree = "<group>"; };
		C2DB7ADA25A4443000121443 /* Base */ = {isa = PBXFileReference; lastKnownFileType = file.storyboard; name = Base; path = Base.lproj/Main.storyboard; sourceTree = "<group>"; };
		C2DB7ADC25A4443300121443 /* Assets.xcassets */ = {isa = PBXFileReference; lastKnownFileType = folder.assetcatalog; path = Assets.xcassets; sourceTree = "<group>"; };
		C2DB7ADF25A4443300121443 /* Base */ = {isa = PBXFileReference; lastKnownFileType = file.storyboard; name = Base; path = Base.lproj/LaunchScreen.storyboard; sourceTree = "<group>"; };
		C2DB7AE125A4443300121443 /* Info.plist */ = {isa = PBXFileReference; lastKnownFileType = text.plist.xml; path = Info.plist; sourceTree = "<group>"; };
/* End PBXFileReference section */

/* Begin PBXFrameworksBuildPhase section */
		C2DB7ACD25A4443000121443 /* Frameworks */ = {
			isa = PBXFrameworksBuildPhase;
			buildActionMask = 2147483647;
			files = (
				067DEF28721860A43F01C12C /* Pods_accountBook.framework in Frameworks */,
			);
			runOnlyForDeploymentPostprocessing = 0;
		};
/* End PBXFrameworksBuildPhase section */

/* Begin PBXGroup section */
		AB1C5D6E1A7F9E4BC5DC7FC5 /* Frameworks */ = {
			isa = PBXGroup;
			children = (
				1AB5426414CC00552940A807 /* Pods_accountBook.framework */,
			);
			name = Frameworks;
			sourceTree = "<group>";
		};
		C2DB7AC725A4443000121443 = {
			isa = PBXGroup;
			children = (
				C2DB7AD225A4443000121443 /* accountBook */,
				C2DB7AD125A4443000121443 /* Products */,
				E2B0CEFCC54B7CFA51E2E137 /* Pods */,
				AB1C5D6E1A7F9E4BC5DC7FC5 /* Frameworks */,
			);
			sourceTree = "<group>";
		};
		C2DB7AD125A4443000121443 /* Products */ = {
			isa = PBXGroup;
			children = (
				C2DB7AD025A4443000121443 /* accountBook.app */,
			);
			name = Products;
			sourceTree = "<group>";
		};
		C2DB7AD225A4443000121443 /* accountBook */ = {
			isa = PBXGroup;
			children = (
				C2DB7AD325A4443000121443 /* AppDelegate.swift */,
				C2DB7AD525A4443000121443 /* SceneDelegate.swift */,
				C2DB7AD725A4443000121443 /* ViewController.swift */,
				C2DB7AD925A4443000121443 /* Main.storyboard */,
				C258DA1F25ADA11200707359 /* DetailViewController.swift */,
				C2DB7ADC25A4443300121443 /* Assets.xcassets */,
				C2DB7ADE25A4443300121443 /* LaunchScreen.storyboard */,
				C2DB7AE125A4443300121443 /* Info.plist */,
				C258DA1C25AD9C6300707359 /* MainCell.swift */,
			);
			path = accountBook;
			sourceTree = "<group>";
		};
		E2B0CEFCC54B7CFA51E2E137 /* Pods */ = {
			isa = PBXGroup;
			children = (
				9BA4239FF86D61D4306C3169 /* Pods-accountBook.debug.xcconfig */,
				BAB7C7E3F084C6F90B61C1BB /* Pods-accountBook.release.xcconfig */,
			);
			path = Pods;
			sourceTree = "<group>";
		};
/* End PBXGroup section */

/* Begin PBXNativeTarget section */
		C2DB7ACF25A4443000121443 /* accountBook */ = {
			isa = PBXNativeTarget;
			buildConfigurationList = C2DB7AE425A4443300121443 /* Build configuration list for PBXNativeTarget "accountBook" */;
			buildPhases = (
				1CA95619C18038F950F4517F /* [CP] Check Pods Manifest.lock */,
				C2DB7ACC25A4443000121443 /* Sources */,
				C2DB7ACD25A4443000121443 /* Frameworks */,
				C2DB7ACE25A4443000121443 /* Resources */,
				F0CA445A2F81897AB0822EAB /* [CP] Embed Pods Frameworks */,
			);
			buildRules = (
			);
			dependencies = (
			);
			name = accountBook;
			productName = accountBook;
			productReference = C2DB7AD025A4443000121443 /* accountBook.app */;
			productType = "com.apple.product-type.application";
		};
/* End PBXNativeTarget section */

/* Begin PBXProject section */
		C2DB7AC825A4443000121443 /* Project object */ = {
			isa = PBXProject;
			attributes = {
				LastSwiftUpdateCheck = 1220;
				LastUpgradeCheck = 1220;
				TargetAttributes = {
					C2DB7ACF25A4443000121443 = {
						CreatedOnToolsVersion = 12.2;
					};
				};
			};
			buildConfigurationList = C2DB7ACB25A4443000121443 /* Build configuration list for PBXProject "accountBook" */;
			compatibilityVersion = "Xcode 9.3";
			developmentRegion = en;
			hasScannedForEncodings = 0;
			knownRegions = (
				en,
				Base,
			);
			mainGroup = C2DB7AC725A4443000121443;
			productRefGroup = C2DB7AD125A4443000121443 /* Products */;
			projectDirPath = "";
			projectRoot = "";
			targets = (
				C2DB7ACF25A4443000121443 /* accountBook */,
			);
		};
/* End PBXProject section */

/* Begin PBXResourcesBuildPhase section */
		C2DB7ACE25A4443000121443 /* Resources */ = {
			isa = PBXResourcesBuildPhase;
			buildActionMask = 2147483647;
			files = (
				C2DB7AE025A4443300121443 /* LaunchScreen.storyboard in Resources */,
				C2DB7ADD25A4443300121443 /* Assets.xcassets in Resources */,
				C2DB7ADB25A4443000121443 /* Main.storyboard in Resources */,
			);
			runOnlyForDeploymentPostprocessing = 0;
		};
/* End PBXResourcesBuildPhase section */

/* Begin PBXShellScriptBuildPhase section */
		1CA95619C18038F950F4517F /* [CP] Check Pods Manifest.lock */ = {
			isa = PBXShellScriptBuildPhase;
			buildActionMask = 2147483647;
			files = (
			);
			inputFileListPaths = (
			);
			inputPaths = (
				"${PODS_PODFILE_DIR_PATH}/Podfile.lock",
				"${PODS_ROOT}/Manifest.lock",
			);
			name = "[CP] Check Pods Manifest.lock";
			outputFileListPaths = (
			);
			outputPaths = (
				"$(DERIVED_FILE_DIR)/Pods-accountBook-checkManifestLockResult.txt",
			);
			runOnlyForDeploymentPostprocessing = 0;
			shellPath = /bin/sh;
			shellScript = "diff \"${PODS_PODFILE_DIR_PATH}/Podfile.lock\" \"${PODS_ROOT}/Manifest.lock\" > /dev/null\nif [ $? != 0 ] ; then\n    # print error to STDERR\n    echo \"error: The sandbox is not in sync with the Podfile.lock. Run 'pod install' or update your CocoaPods installation.\" >&2\n    exit 1\nfi\n# This output is used by Xcode 'outputs' to avoid re-running this script phase.\necho \"SUCCESS\" > \"${SCRIPT_OUTPUT_FILE_0}\"\n";
			showEnvVarsInLog = 0;
		};
		F0CA445A2F81897AB0822EAB /* [CP] Embed Pods Frameworks */ = {
			isa = PBXShellScriptBuildPhase;
			buildActionMask = 2147483647;
			files = (
			);
			inputFileListPaths = (
				"${PODS_ROOT}/Target Support Files/Pods-accountBook/Pods-accountBook-frameworks-${CONFIGURATION}-input-files.xcfilelist",
			);
			name = "[CP] Embed Pods Frameworks";
			outputFileListPaths = (
				"${PODS_ROOT}/Target Support Files/Pods-accountBook/Pods-accountBook-frameworks-${CONFIGURATION}-output-files.xcfilelist",
			);
			runOnlyForDeploymentPostprocessing = 0;
			shellPath = /bin/sh;
			shellScript = "\"${PODS_ROOT}/Target Support Files/Pods-accountBook/Pods-accountBook-frameworks.sh\"\n";
			showEnvVarsInLog = 0;
		};
/* End PBXShellScriptBuildPhase section */

/* Begin PBXSourcesBuildPhase section */
		C2DB7ACC25A4443000121443 /* Sources */ = {
			isa = PBXSourcesBuildPhase;
			buildActionMask = 2147483647;
			files = (
				C2DB7AD825A4443000121443 /* ViewController.swift in Sources */,
				C2DB7AD425A4443000121443 /* AppDelegate.swift in Sources */,
				C258DA2025ADA11200707359 /* DetailViewController.swift in Sources */,
				C258DA1D25AD9C6300707359 /* MainCell.swift in Sources */,
				C2DB7AD625A4443000121443 /* SceneDelegate.swift in Sources */,
			);
			runOnlyForDeploymentPostprocessing = 0;
		};
/* End PBXSourcesBuildPhase section */

/* Begin PBXVariantGroup section */
		C2DB7AD925A4443000121443 /* Main.storyboard */ = {
			isa = PBXVariantGroup;
			children = (
				C2DB7ADA25A4443000121443 /* Base */,
			);
			name = Main.storyboard;
			sourceTree = "<group>";
		};
		C2DB7ADE25A4443300121443 /* LaunchScreen.storyboard */ = {
			isa = PBXVariantGroup;
			children = (
				C2DB7ADF25A4443300121443 /* Base */,
			);
			name = LaunchScreen.storyboard;
			sourceTree = "<group>";
		};
/* End PBXVariantGroup section */

/* Begin XCBuildConfiguration section */
		C2DB7AE225A4443300121443 /* Debug */ = {
			isa = XCBuildConfiguration;
			buildSettings = {
				ALWAYS_SEARCH_USER_PATHS = NO;
				CLANG_ANALYZER_NONNULL = YES;
				CLANG_ANALYZER_NUMBER_OBJECT_CONVERSION = YES_AGGRESSIVE;
				CLANG_CXX_LANGUAGE_STANDARD = "gnu++14";
				CLANG_CXX_LIBRARY = "libc++";
				CLANG_ENABLE_MODULES = YES;
				CLANG_ENABLE_OBJC_ARC = YES;
				CLANG_ENABLE_OBJC_WEAK = YES;
				CLANG_WARN_BLOCK_CAPTURE_AUTORELEASING = YES;
				CLANG_WARN_BOOL_CONVERSION = YES;
				CLANG_WARN_COMMA = YES;
				CLANG_WARN_CONSTANT_CONVERSION = YES;
				CLANG_WARN_DEPRECATED_OBJC_IMPLEMENTATIONS = YES;
				CLANG_WARN_DIRECT_OBJC_ISA_USAGE = YES_ERROR;
				CLANG_WARN_DOCUMENTATION_COMMENTS = YES;
				CLANG_WARN_EMPTY_BODY = YES;
				CLANG_WARN_ENUM_CONVERSION = YES;
				CLANG_WARN_INFINITE_RECURSION = YES;
				CLANG_WARN_INT_CONVERSION = YES;
				CLANG_WARN_NON_LITERAL_NULL_CONVERSION = YES;
				CLANG_WARN_OBJC_IMPLICIT_RETAIN_SELF = YES;
				CLANG_WARN_OBJC_LITERAL_CONVERSION = YES;
				CLANG_WARN_OBJC_ROOT_CLASS = YES_ERROR;
				CLANG_WARN_QUOTED_INCLUDE_IN_FRAMEWORK_HEADER = YES;
				CLANG_WARN_RANGE_LOOP_ANALYSIS = YES;
				CLANG_WARN_STRICT_PROTOTYPES = YES;
				CLANG_WARN_SUSPICIOUS_MOVE = YES;
				CLANG_WARN_UNGUARDED_AVAILABILITY = YES_AGGRESSIVE;
				CLANG_WARN_UNREACHABLE_CODE = YES;
				CLANG_WARN__DUPLICATE_METHOD_MATCH = YES;
				COPY_PHASE_STRIP = NO;
				DEBUG_INFORMATION_FORMAT = dwarf;
				ENABLE_STRICT_OBJC_MSGSEND = YES;
				ENABLE_TESTABILITY = YES;
				GCC_C_LANGUAGE_STANDARD = gnu11;
				GCC_DYNAMIC_NO_PIC = NO;
				GCC_NO_COMMON_BLOCKS = YES;
				GCC_OPTIMIZATION_LEVEL = 0;
				GCC_PREPROCESSOR_DEFINITIONS = (
					"DEBUG=1",
					"$(inherited)",
				);
				GCC_WARN_64_TO_32_BIT_CONVERSION = YES;
				GCC_WARN_ABOUT_RETURN_TYPE = YES_ERROR;
				GCC_WARN_UNDECLARED_SELECTOR = YES;
				GCC_WARN_UNINITIALIZED_AUTOS = YES_AGGRESSIVE;
				GCC_WARN_UNUSED_FUNCTION = YES;
				GCC_WARN_UNUSED_VARIABLE = YES;
				IPHONEOS_DEPLOYMENT_TARGET = 14.2;
				MTL_ENABLE_DEBUG_INFO = INCLUDE_SOURCE;
				MTL_FAST_MATH = YES;
				ONLY_ACTIVE_ARCH = YES;
				SDKROOT = iphoneos;
				SWIFT_ACTIVE_COMPILATION_CONDITIONS = DEBUG;
				SWIFT_OPTIMIZATION_LEVEL = "-Onone";
			};
			name = Debug;
		};
		C2DB7AE325A4443300121443 /* Release */ = {
			isa = XCBuildConfiguration;
			buildSettings = {
				ALWAYS_SEARCH_USER_PATHS = NO;
				CLANG_ANALYZER_NONNULL = YES;
				CLANG_ANALYZER_NUMBER_OBJECT_CONVERSION = YES_AGGRESSIVE;
				CLANG_CXX_LANGUAGE_STANDARD = "gnu++14";
				CLANG_CXX_LIBRARY = "libc++";
				CLANG_ENABLE_MODULES = YES;
				CLANG_ENABLE_OBJC_ARC = YES;
				CLANG_ENABLE_OBJC_WEAK = YES;
				CLANG_WARN_BLOCK_CAPTURE_AUTORELEASING = YES;
				CLANG_WARN_BOOL_CONVERSION = YES;
				CLANG_WARN_COMMA = YES;
				CLANG_WARN_CONSTANT_CONVERSION = YES;
				CLANG_WARN_DEPRECATED_OBJC_IMPLEMENTATIONS = YES;
				CLANG_WARN_DIRECT_OBJC_ISA_USAGE = YES_ERROR;
				CLANG_WARN_DOCUMENTATION_COMMENTS = YES;
				CLANG_WARN_EMPTY_BODY = YES;
				CLANG_WARN_ENUM_CONVERSION = YES;
				CLANG_WARN_INFINITE_RECURSION = YES;
				CLANG_WARN_INT_CONVERSION = YES;
				CLANG_WARN_NON_LITERAL_NULL_CONVERSION = YES;
				CLANG_WARN_OBJC_IMPLICIT_RETAIN_SELF = YES;
				CLANG_WARN_OBJC_LITERAL_CONVERSION = YES;
				CLANG_WARN_OBJC_ROOT_CLASS = YES_ERROR;
				CLANG_WARN_QUOTED_INCLUDE_IN_FRAMEWORK_HEADER = YES;
				CLANG_WARN_RANGE_LOOP_ANALYSIS = YES;
				CLANG_WARN_STRICT_PROTOTYPES = YES;
				CLANG_WARN_SUSPICIOUS_MOVE = YES;
				CLANG_WARN_UNGUARDED_AVAILABILITY = YES_AGGRESSIVE;
				CLANG_WARN_UNREACHABLE_CODE = YES;
				CLANG_WARN__DUPLICATE_METHOD_MATCH = YES;
				COPY_PHASE_STRIP = NO;
				DEBUG_INFORMATION_FORMAT = "dwarf-with-dsym";
				ENABLE_NS_ASSERTIONS = NO;
				ENABLE_STRICT_OBJC_MSGSEND = YES;
				GCC_C_LANGUAGE_STANDARD = gnu11;
				GCC_NO_COMMON_BLOCKS = YES;
				GCC_WARN_64_TO_32_BIT_CONVERSION = YES;
				GCC_WARN_ABOUT_RETURN_TYPE = YES_ERROR;
				GCC_WARN_UNDECLARED_SELECTOR = YES;
				GCC_WARN_UNINITIALIZED_AUTOS = YES_AGGRESSIVE;
				GCC_WARN_UNUSED_FUNCTION = YES;
				GCC_WARN_UNUSED_VARIABLE = YES;
				IPHONEOS_DEPLOYMENT_TARGET = 14.2;
				MTL_ENABLE_DEBUG_INFO = NO;
				MTL_FAST_MATH = YES;
				SDKROOT = iphoneos;
				SWIFT_COMPILATION_MODE = wholemodule;
				SWIFT_OPTIMIZATION_LEVEL = "-O";
				VALIDATE_PRODUCT = YES;
			};
			name = Release;
		};
		C2DB7AE525A4443300121443 /* Debug */ = {
			isa = XCBuildConfiguration;
			baseConfigurationReference = 9BA4239FF86D61D4306C3169 /* Pods-accountBook.debug.xcconfig */;
			buildSettings = {
				ASSETCATALOG_COMPILER_APPICON_NAME = AppIcon;
				ASSETCATALOG_COMPILER_GLOBAL_ACCENT_COLOR_NAME = AccentColor;
				CODE_SIGN_STYLE = Automatic;
				INFOPLIST_FILE = accountBook/Info.plist;
				LD_RUNPATH_SEARCH_PATHS = (
					"$(inherited)",
					"@executable_path/Frameworks",
				);
				PRODUCT_BUNDLE_IDENTIFIER = com.test.testabc314.accountBook;
				PRODUCT_NAME = "$(TARGET_NAME)";
				SWIFT_VERSION = 5.0;
				TARGETED_DEVICE_FAMILY = "1,2";
			};
			name = Debug;
		};
		C2DB7AE625A4443300121443 /* Release */ = {
			isa = XCBuildConfiguration;
			baseConfigurationReference = BAB7C7E3F084C6F90B61C1BB /* Pods-accountBook.release.xcconfig */;
			buildSettings = {
				ASSETCATALOG_COMPILER_APPICON_NAME = AppIcon;
				ASSETCATALOG_COMPILER_GLOBAL_ACCENT_COLOR_NAME = AccentColor;
				CODE_SIGN_STYLE = Automatic;
				INFOPLIST_FILE = accountBook/Info.plist;
				LD_RUNPATH_SEARCH_PATHS = (
					"$(inherited)",
					"@executable_path/Frameworks",
				);
				PRODUCT_BUNDLE_IDENTIFIER = com.test.testabc314.accountBook;
				PRODUCT_NAME = "$(TARGET_NAME)";
				SWIFT_VERSION = 5.0;
				TARGETED_DEVICE_FAMILY = "1,2";
			};
			name = Release;
		};
/* End XCBuildConfiguration section */

/* Begin XCConfigurationList section */
		C2DB7ACB25A4443000121443 /* Build configuration list for PBXProject "accountBook" */ = {
			isa = XCConfigurationList;
			buildConfigurations = (
				C2DB7AE225A4443300121443 /* Debug */,
				C2DB7AE325A4443300121443 /* Release */,
			);
			defaultConfigurationIsVisible = 0;
			defaultConfigurationName = Release;
		};
		C2DB7AE425A4443300121443 /* Build configuration list for PBXNativeTarget "accountBook" */ = {
			isa = XCConfigurationList;
			buildConfigurations = (
				C2DB7AE525A4443300121443 /* Debug */,
				C2DB7AE625A4443300121443 /* Release */,
			);
			defaultConfigurationIsVisible = 0;
			defaultConfigurationName = Release;
		};
/* End XCConfigurationList section */
	};
	rootObject = C2DB7AC825A4443000121443 /* Project object */;
}
